
Microsoft Visual Studio Solution File, Format Version 12.00
# Visual Studio Version 17
VisualStudioVersion = 17.6.33723.286
MinimumVisualStudioVersion = 10.0.40219.1
Project("{FAE04EC0-301F-11D3-BF4B-00C04F79EFBC}") = "Project OOP Trio Rawr", "Project OOP Trio Rawr.csproj", "{5179D9D0-2FE5-49C6-A071-9CF833E825E9}"
EndProject
Global
	GlobalSection(SolutionConfigurationPlatforms) = preSolution
		Debug|Any CPU = Debug|Any CPU
		Release|Any CPU = Release|Any CPU
	EndGlobalSection
	GlobalSection(ProjectConfigurationPlatforms) = postSolution
		{5179D9D0-2FE5-49C6-A071-9CF833E825E9}.Debug|Any CPU.ActiveCfg = Debug|Any CPU
		{5179D9D0-2FE5-49C6-A071-9CF833E825E9}.Debug|Any CPU.Build.0 = Debug|Any CPU
		{5179D9D0-2FE5-49C6-A071-9CF833E825E9}.Release|Any CPU.ActiveCfg = Release|Any CPU
		{5179D9D0-2FE5-49C6-A071-9CF833E825E9}.Release|Any CPU.Build.0 = Release|Any CPU
	EndGlobalSection
	GlobalSection(SolutionProperties) = preSolution
		HideSolutionNode = FALSE
	EndGlobalSection
	GlobalSection(ExtensibilityGlobals) = postSolution
		SolutionGuid = {FFBF6E95-A868-4199-9E0E-FA26A4FC2A1E}
	EndGlobalSection
EndGlobal
